{
  "name": "dhost",
  "version": "0.3.1",
  "lockfileVersion": 2,
  "requires": true,
  "packages": {
    "": {
      "version": "0.3.1",
      "license": "Apache-2",
      "dependencies": {
        "bytes": "^3.1.0",
        "colorette": "^1.2.1",
        "esm-resolve": "^1.0.4",
        "gumnut": "^0.3.1",
        "he": "^1.2.0",
        "mime": "^2.4.0",
        "mri": "^1.1.4"
      },
      "bin": {
        "dhost": "bin/index.js"
      },
      "devDependencies": {
        "@types/bytes": "^3.1.0",
        "@types/he": "^1.1.1",
        "@types/mime": "^2.0.3",
        "@types/mri": "^1.1.0",
        "@types/node": "^14.14.24",
        "rollup": "^2.47.0"
      }
    },
    "node_modules/@types/bytes": {
      "version": "3.1.0",
      "resolved": "https://registry.npmjs.org/@types/bytes/-/bytes-3.1.0.tgz",
      "integrity": "sha512-5YG1AiIC8HPPXRvYAIa7ehK3YMAwd0DWiPCtpuL9sgKceWLyWsVtLRA+lT4NkoanDNF9slwQ66lPizWDpgRlWA==",
      "dev": true
    },
    "node_modules/@types/he": {
      "version": "1.1.1",
      "resolved": "https://registry.npmjs.org/@types/he/-/he-1.1.1.tgz",
      "integrity": "sha512-jpzrsR1ns0n3kyWt92QfOUQhIuJGQ9+QGa7M62rO6toe98woQjnsnzjdMtsQXCdvjjmqjS2ZBCC7xKw0cdzU+Q==",
      "dev": true
    },
    "node_modules/@types/mime": {
      "version": "2.0.3",
      "resolved": "https://registry.npmjs.org/@types/mime/-/mime-2.0.3.tgz",
      "integrity": "sha512-Jus9s4CDbqwocc5pOAnh8ShfrnMcPHuJYzVcSUU7lrh8Ni5HuIqX3oilL86p3dlTrk0LzHRCgA/GQ7uNCw6l2Q==",
      "dev": true
    },
    "node_modules/@types/mri": {
      "version": "1.1.0",
      "resolved": "https://registry.npmjs.org/@types/mri/-/mri-1.1.0.tgz",
      "integrity": "sha512-fMl88ZoZXOB7VKazJ6wUMpZc9QIn+jcigSFRf2K/rrw4DcXn+/uGxlWX8DDlcE7JkwgIZ7BDH+JgxZPlc/Ap3g==",
      "dev": true
    },
    "node_modules/@types/node": {
      "version": "14.14.43",
      "resolved": "https://registry.npmjs.org/@types/node/-/node-14.14.43.tgz",
      "integrity": "sha512-3pwDJjp1PWacPTpH0LcfhgjvurQvrZFBrC6xxjaUEZ7ifUtT32jtjPxEMMblpqd2Mvx+k8haqQJLQxolyGN/cQ==",
      "dev": true
    },
    "node_modules/bytes": {
      "version": "3.1.0",
      "resolved": "https://registry.npmjs.org/bytes/-/bytes-3.1.0.tgz",
      "integrity": "sha512-zauLjrfCG+xvoyaqLoV8bLVXXNGC4JqlxFCutSDWA6fJrTo2ZuvLYTqZ7aHBLZSMOopbzwv8f+wZcVzfVTI2Dg==",
      "engines": {
        "node": ">= 0.8"
      }
    },
    "node_modules/colorette": {
      "version": "1.2.2",
      "resolved": "https://registry.npmjs.org/colorette/-/colorette-1.2.2.tgz",
      "integrity": "sha512-MKGMzyfeuutC/ZJ1cba9NqcNpfeqMUcYmyF1ZFY6/Cn7CNSAKx6a+s48sqLqyAiZuaP2TcqMhoo+dlwFnVxT9w=="
    },
    "node_modules/esm-resolve": {
      "version": "1.0.4",
      "resolved": "https://registry.npmjs.org/esm-resolve/-/esm-resolve-1.0.4.tgz",
      "integrity": "sha512-8N6jfjY1mnWoc14QYVVrg6Er54EgeuiJsKJMidVrCUWLC58XK9F9UCRS5Lmn4yNIkevdQzuE4wGlBixmp56C4Q=="
    },
    "node_modules/fsevents": {
      "version": "2.3.2",
      "resolved": "https://registry.npmjs.org/fsevents/-/fsevents-2.3.2.tgz",
      "integrity": "sha512-xiqMQR4xAeHTuB9uWm+fFRcIOgKBMiOBP+eXiyT7jsgVCq1bkVygt00oASowB7EdtpOHaaPgKt812P9ab+DDKA==",
      "dev": true,
      "hasInstallScript": true,
      "optional": true,
      "os": [
        "darwin"
      ],
      "engines": {
        "node": "^8.16.0 || ^10.6.0 || >=11.0.0"
      }
    },
    "node_modules/gumnut": {
      "version": "0.3.6",
      "resolved": "https://registry.npmjs.org/gumnut/-/gumnut-0.3.6.tgz",
      "integrity": "sha512-qHSQh5EboKaeYf39xZ1hI3XxNqAEIMA77MgyxQuUDlqCvSWXj3aahbQ5K1eVrzlZf1UZMg7FXCfYwO43r5v0WQ=="
    },
    "node_modules/he": {
      "version": "1.2.0",
      "resolved": "https://registry.npmjs.org/he/-/he-1.2.0.tgz",
      "integrity": "sha512-F/1DnUGPopORZi0ni+CvrCgHQ5FyEAHRLSApuYWMmrbSwoN2Mn/7k+Gl38gJnR7yyDZk6WLXwiGod1JOWNDKGw==",
      "bin": {
        "he": "bin/he"
      }
    },
    "node_modules/mime": {
      "version": "2.5.2",
      "resolved": "https://registry.npmjs.org/mime/-/mime-2.5.2.tgz",
      "integrity": "sha512-tqkh47FzKeCPD2PUiPB6pkbMzsCasjxAfC62/Wap5qrUWcb+sFasXUC5I3gYM5iBM8v/Qpn4UK0x+j0iHyFPDg==",
      "bin": {
        "mime": "cli.js"
      },
      "engines": {
        "node": ">=4.0.0"
      }
    },
    "node_modules/mri": {
      "version": "1.1.6",
      "resolved": "https://registry.npmjs.org/mri/-/mri-1.1.6.tgz",
      "integrity": "sha512-oi1b3MfbyGa7FJMP9GmLTttni5JoICpYBRlq+x5V16fZbLsnL9N3wFqqIm/nIG43FjUFkFh9Epzp/kzUGUnJxQ==",
      "engines": {
        "node": ">=4"
      }
    },
    "node_modules/rollup": {
      "version": "2.47.0",
      "resolved": "https://registry.npmjs.org/rollup/-/rollup-2.47.0.tgz",
      "integrity": "sha512-rqBjgq9hQfW0vRmz+0S062ORRNJXvwRpzxhFXORvar/maZqY6za3rgQ/p1Glg+j1hnc1GtYyQCPiAei95uTElg==",
      "dev": true,
      "bin": {
        "rollup": "dist/bin/rollup"
      },
      "engines": {
        "node": ">=10.0.0"
      },
      "optionalDependencies": {
        "fsevents": "~2.3.1"
      }
    }
  },
  "dependencies": {
    "@types/bytes": {
      "version": "3.1.0",
      "resolved": "https://registry.npmjs.org/@types/bytes/-/bytes-3.1.0.tgz",
      "integrity": "sha512-5YG1AiIC8HPPXRvYAIa7ehK3YMAwd0DWiPCtpuL9sgKceWLyWsVtLRA+lT4NkoanDNF9slwQ66lPizWDpgRlWA==",
      "dev": true
    },
    "@types/he": {
      "version": "1.1.1",
      "resolved": "https://registry.npmjs.org/@types/he/-/he-1.1.1.tgz",
      "integrity": "sha512-jpzrsR1ns0n3kyWt92QfOUQhIuJGQ9+QGa7M62rO6toe98woQjnsnzjdMtsQXCdvjjmqjS2ZBCC7xKw0cdzU+Q==",
      "dev": true
    },
    "@types/mime": {
      "version": "2.0.3",
      "resolved": "https://registry.npmjs.org/@types/mime/-/mime-2.0.3.tgz",
      "integrity": "sha512-Jus9s4CDbqwocc5pOAnh8ShfrnMcPHuJYzVcSUU7lrh8Ni5HuIqX3oilL86p3dlTrk0LzHRCgA/GQ7uNCw6l2Q==",
      "dev": true
    },
    "@types/mri": {
      "version": "1.1.0",
      "resolved": "https://registry.npmjs.org/@types/mri/-/mri-1.1.0.tgz",
      "integrity": "sha512-fMl88ZoZXOB7VKazJ6wUMpZc9QIn+jcigSFRf2K/rrw4DcXn+/uGxlWX8DDlcE7JkwgIZ7BDH+JgxZPlc/Ap3g==",
      "dev": true
    },
    "@types/node": {
      "version": "14.14.43",
      "resolved": "https://registry.npmjs.org/@types/node/-/node-14.14.43.tgz",
      "integrity": "sha512-3pwDJjp1PWacPTpH0LcfhgjvurQvrZFBrC6xxjaUEZ7ifUtT32jtjPxEMMblpqd2Mvx+k8haqQJLQxolyGN/cQ==",
      "dev": true
    },
    "bytes": {
      "version": "3.1.0",
      "resolved": "https://registry.npmjs.org/bytes/-/bytes-3.1.0.tgz",
      "integrity": "sha512-zauLjrfCG+xvoyaqLoV8bLVXXNGC4JqlxFCutSDWA6fJrTo2ZuvLYTqZ7aHBLZSMOopbzwv8f+wZcVzfVTI2Dg=="
    },
    "colorette": {
      "version": "1.2.2",
      "resolved": "https://registry.npmjs.org/colorette/-/colorette-1.2.2.tgz",
      "integrity": "sha512-MKGMzyfeuutC/ZJ1cba9NqcNpfeqMUcYmyF1ZFY6/Cn7CNSAKx6a+s48sqLqyAiZuaP2TcqMhoo+dlwFnVxT9w=="
    },
    "esm-resolve": {
      "version": "1.0.4",
      "resolved": "https://registry.npmjs.org/esm-resolve/-/esm-resolve-1.0.4.tgz",
      "integrity": "sha512-8N6jfjY1mnWoc14QYVVrg6Er54EgeuiJsKJMidVrCUWLC58XK9F9UCRS5Lmn4yNIkevdQzuE4wGlBixmp56C4Q=="
    },
    "fsevents": {
      "version": "2.3.2",
      "resolved": "https://registry.npmjs.org/fsevents/-/fsevents-2.3.2.tgz",
      "integrity": "sha512-xiqMQR4xAeHTuB9uWm+fFRcIOgKBMiOBP+eXiyT7jsgVCq1bkVygt00oASowB7EdtpOHaaPgKt812P9ab+DDKA==",
      "dev": true,
      "optional": true
    },
    "gumnut": {
      "version": "0.3.6",
      "resolved": "https://registry.npmjs.org/gumnut/-/gumnut-0.3.6.tgz",
      "integrity": "sha512-qHSQh5EboKaeYf39xZ1hI3XxNqAEIMA77MgyxQuUDlqCvSWXj3aahbQ5K1eVrzlZf1UZMg7FXCfYwO43r5v0WQ=="
    },
    "he": {
      "version": "1.2.0",
      "resolved": "https://registry.npmjs.org/he/-/he-1.2.0.tgz",
      "integrity": "sha512-F/1DnUGPopORZi0ni+CvrCgHQ5FyEAHRLSApuYWMmrbSwoN2Mn/7k+Gl38gJnR7yyDZk6WLXwiGod1JOWNDKGw=="
    },
    "mime": {
      "version": "2.5.2",
      "resolved": "https://registry.npmjs.org/mime/-/mime-2.5.2.tgz",
      "integrity": "sha512-tqkh47FzKeCPD2PUiPB6pkbMzsCasjxAfC62/Wap5qrUWcb+sFasXUC5I3gYM5iBM8v/Qpn4UK0x+j0iHyFPDg=="
    },
    "mri": {
      "version": "1.1.6",
      "resolved": "https://registry.npmjs.org/mri/-/mri-1.1.6.tgz",
      "integrity": "sha512-oi1b3MfbyGa7FJMP9GmLTttni5JoICpYBRlq+x5V16fZbLsnL9N3wFqqIm/nIG43FjUFkFh9Epzp/kzUGUnJxQ=="
    },
    "rollup": {
      "version": "2.47.0",
      "resolved": "https://registry.npmjs.org/rollup/-/rollup-2.47.0.tgz",
      "integrity": "sha512-rqBjgq9hQfW0vRmz+0S062ORRNJXvwRpzxhFXORvar/maZqY6za3rgQ/p1Glg+j1hnc1GtYyQCPiAei95uTElg==",
      "dev": true,
      "requires": {
        "fsevents": "~2.3.1"
      }
    }
  }
}
